
Microsoft Visual Studio Solution File, Format Version 12.00
# Visual Studio Version 17
VisualStudioVersion = 17.0.31903.59
MinimumVisualStudioVersion = 10.0.40219.1
Project("{FAE04EC0-301F-11D3-BF4B-00C04F79EFBC}") = "EP1", "EP1\EP1.csproj", "{EECD6913-152E-4B0F-B7CA-53723B225AB7}"
EndProject
Project("{FAE04EC0-301F-11D3-BF4B-00C04F79EFBC}") = "EP2", "EP2\EP2.csproj", "{8E39AE4A-966C-4706-99C9-3992B93494BA}"
EndProject
Project("{FAE04EC0-301F-11D3-BF4B-00C04F79EFBC}") = "EP3", "EP3\EP3.csproj", "{852A1BE9-B106-406B-AECF-0C93A11949C6}"
EndProject
Project("{FAE04EC0-301F-11D3-BF4B-00C04F79EFBC}") = "EP4", "EP4\EP4.csproj", "{88D8CAC7-0765-43D4-B445-5ABA7E1DE910}"
EndProject
Project("{FAE04EC0-301F-11D3-BF4B-00C04F79EFBC}") = "EP5", "EP5\EP5.csproj", "{45D6F659-81E5-486E-B0D8-48EBF1EE5996}"
EndProject
Project("{FAE04EC0-301F-11D3-BF4B-00C04F79EFBC}") = "EP6", "EP6\EP6.csproj", "{10C494F9-C6A6-446C-871F-365AE47CE872}"
EndProject
Global
	GlobalSection(SolutionConfigurationPlatforms) = preSolution
		Debug|Any CPU = Debug|Any CPU
		Release|Any CPU = Release|Any CPU
	EndGlobalSection
	GlobalSection(ProjectConfigurationPlatforms) = postSolution
		{EECD6913-152E-4B0F-B7CA-53723B225AB7}.Debug|Any CPU.ActiveCfg = Debug|Any CPU
		{EECD6913-152E-4B0F-B7CA-53723B225AB7}.Debug|Any CPU.Build.0 = Debug|Any CPU
		{EECD6913-152E-4B0F-B7CA-53723B225AB7}.Release|Any CPU.ActiveCfg = Release|Any CPU
		{EECD6913-152E-4B0F-B7CA-53723B225AB7}.Release|Any CPU.Build.0 = Release|Any CPU
		{8E39AE4A-966C-4706-99C9-3992B93494BA}.Debug|Any CPU.ActiveCfg = Debug|Any CPU
		{8E39AE4A-966C-4706-99C9-3992B93494BA}.Debug|Any CPU.Build.0 = Debug|Any CPU
		{8E39AE4A-966C-4706-99C9-3992B93494BA}.Release|Any CPU.ActiveCfg = Release|Any CPU
		{8E39AE4A-966C-4706-99C9-3992B93494BA}.Release|Any CPU.Build.0 = Release|Any CPU
		{852A1BE9-B106-406B-AECF-0C93A11949C6}.Debug|Any CPU.ActiveCfg = Debug|Any CPU
		{852A1BE9-B106-406B-AECF-0C93A11949C6}.Debug|Any CPU.Build.0 = Debug|Any CPU
		{852A1BE9-B106-406B-AECF-0C93A11949C6}.Release|Any CPU.ActiveCfg = Release|Any CPU
		{852A1BE9-B106-406B-AECF-0C93A11949C6}.Release|Any CPU.Build.0 = Release|Any CPU
		{88D8CAC7-0765-43D4-B445-5ABA7E1DE910}.Debug|Any CPU.ActiveCfg = Debug|Any CPU
		{88D8CAC7-0765-43D4-B445-5ABA7E1DE910}.Debug|Any CPU.Build.0 = Debug|Any CPU
		{88D8CAC7-0765-43D4-B445-5ABA7E1DE910}.Release|Any CPU.ActiveCfg = Release|Any CPU
		{88D8CAC7-0765-43D4-B445-5ABA7E1DE910}.Release|Any CPU.Build.0 = Release|Any CPU
		{45D6F659-81E5-486E-B0D8-48EBF1EE5996}.Debug|Any CPU.ActiveCfg = Debug|Any CPU
		{45D6F659-81E5-486E-B0D8-48EBF1EE5996}.Debug|Any CPU.Build.0 = Debug|Any CPU
		{45D6F659-81E5-486E-B0D8-48EBF1EE5996}.Release|Any CPU.ActiveCfg = Release|Any CPU
		{45D6F659-81E5-486E-B0D8-48EBF1EE5996}.Release|Any CPU.Build.0 = Release|Any CPU
		{10C494F9-C6A6-446C-871F-365AE47CE872}.Debug|Any CPU.ActiveCfg = Debug|Any CPU
		{10C494F9-C6A6-446C-871F-365AE47CE872}.Debug|Any CPU.Build.0 = Debug|Any CPU
		{10C494F9-C6A6-446C-871F-365AE47CE872}.Release|Any CPU.ActiveCfg = Release|Any CPU
		{10C494F9-C6A6-446C-871F-365AE47CE872}.Release|Any CPU.Build.0 = Release|Any CPU
	EndGlobalSection
	GlobalSection(SolutionProperties) = preSolution
		HideSolutionNode = FALSE
	EndGlobalSection
EndGlobal
