Microsoft Visual Studio Solution File, Format Version 12.00
# Visual Studio Version 17
VisualStudioVersion = 17.0.31903.59
MinimumVisualStudioVersion = 10.0.40219.1
Project("{FAE04EC0-301F-11D3-BF4B-00C04F79EFBC}") = "AR4_CLASESYOBJETOS", "AR4_CLASESYOBJETOS\AR4_CLASESYOBJETOS.csproj", "{6C31E2AF-DF0F-4D39-ABEE-6ADCCC2596AB}"
EndProject
Project("{FAE04EC0-301F-11D3-BF4B-00C04F79EFBC}") = "AR5_HERENCIA", "AR5_HERENCIA\AR5_HERENCIA.csproj", "{85CD6851-4965-4ACC-B926-5FC3962DFACF}"
EndProject
Project("{FAE04EC0-301F-11D3-BF4B-00C04F79EFBC}") = "AR5_POLIMORFISMOESTATICO", "AR5_POLIMORFISMOESTATICO\AR5_POLIMORFISMOESTATICO.csproj", "{CC107908-63E0-48FA-96B9-4A58602F9248}"
EndProject
Project("{FAE04EC0-301F-11D3-BF4B-00C04F79EFBC}") = "AR5_POLIMORFISMODINAMICO", "AR5_POLIMORFISMODINAMICO\AR5_POLIMORFISMODINAMICO.csproj", "{3331E535-9482-42F2-BCBF-BB8914A09181}"
EndProject
Project("{FAE04EC0-301F-11D3-BF4B-00C04F79EFBC}") = "AR6_CLASESABSTRACTAS", "AR6_CLASESABSTRACTAS\AR6_CLASESABSTRACTAS.csproj", "{77012C75-4091-4DC5-B342-847EFD83A0D7}"
EndProject
Project("{FAE04EC0-301F-11D3-BF4B-00C04F79EFBC}") = "AR6_INTERFACES", "AR6_INTERFACES\AR6_INTERFACES.csproj", "{DB408038-3745-44EF-BBFE-7F1B9D9E43A6}"
EndProject
Global
	GlobalSection(SolutionConfigurationPlatforms) = preSolution
		Debug|Any CPU = Debug|Any CPU
		Release|Any CPU = Release|Any CPU
	EndGlobalSection
	GlobalSection(ProjectConfigurationPlatforms) = postSolution
		{6C31E2AF-DF0F-4D39-ABEE-6ADCCC2596AB}.Debug|Any CPU.ActiveCfg = Debug|Any CPU
		{6C31E2AF-DF0F-4D39-ABEE-6ADCCC2596AB}.Debug|Any CPU.Build.0 = Debug|Any CPU
		{6C31E2AF-DF0F-4D39-ABEE-6ADCCC2596AB}.Release|Any CPU.ActiveCfg = Release|Any CPU
		{6C31E2AF-DF0F-4D39-ABEE-6ADCCC2596AB}.Release|Any CPU.Build.0 = Release|Any CPU
		{85CD6851-4965-4ACC-B926-5FC3962DFACF}.Debug|Any CPU.ActiveCfg = Debug|Any CPU
		{85CD6851-4965-4ACC-B926-5FC3962DFACF}.Debug|Any CPU.Build.0 = Debug|Any CPU
		{85CD6851-4965-4ACC-B926-5FC3962DFACF}.Release|Any CPU.ActiveCfg = Release|Any CPU
		{85CD6851-4965-4ACC-B926-5FC3962DFACF}.Release|Any CPU.Build.0 = Release|Any CPU
		{CC107908-63E0-48FA-96B9-4A58602F9248}.Debug|Any CPU.ActiveCfg = Debug|Any CPU
		{CC107908-63E0-48FA-96B9-4A58602F9248}.Debug|Any CPU.Build.0 = Debug|Any CPU
		{CC107908-63E0-48FA-96B9-4A58602F9248}.Release|Any CPU.ActiveCfg = Release|Any CPU
		{CC107908-63E0-48FA-96B9-4A58602F9248}.Release|Any CPU.Build.0 = Release|Any CPU
		{3331E535-9482-42F2-BCBF-BB8914A09181}.Debug|Any CPU.ActiveCfg = Debug|Any CPU
		{3331E535-9482-42F2-BCBF-BB8914A09181}.Debug|Any CPU.Build.0 = Debug|Any CPU
		{3331E535-9482-42F2-BCBF-BB8914A09181}.Release|Any CPU.ActiveCfg = Release|Any CPU
		{3331E535-9482-42F2-BCBF-BB8914A09181}.Release|Any CPU.Build.0 = Release|Any CPU
		{77012C75-4091-4DC5-B342-847EFD83A0D7}.Debug|Any CPU.ActiveCfg = Debug|Any CPU
		{77012C75-4091-4DC5-B342-847EFD83A0D7}.Debug|Any CPU.Build.0 = Debug|Any CPU
		{77012C75-4091-4DC5-B342-847EFD83A0D7}.Release|Any CPU.ActiveCfg = Release|Any CPU
		{77012C75-4091-4DC5-B342-847EFD83A0D7}.Release|Any CPU.Build.0 = Release|Any CPU
		{DB408038-3745-44EF-BBFE-7F1B9D9E43A6}.Debug|Any CPU.ActiveCfg = Debug|Any CPU
		{DB408038-3745-44EF-BBFE-7F1B9D9E43A6}.Debug|Any CPU.Build.0 = Debug|Any CPU
		{DB408038-3745-44EF-BBFE-7F1B9D9E43A6}.Release|Any CPU.ActiveCfg = Release|Any CPU
		{DB408038-3745-44EF-BBFE-7F1B9D9E43A6}.Release|Any CPU.Build.0 = Release|Any CPU
	EndGlobalSection
	GlobalSection(SolutionProperties) = preSolution
		HideSolutionNode = FALSE
	EndGlobalSection
EndGlobal
